
Microsoft Visual Studio Solution File, Format Version 12.00
# Visual Studio Version 17
VisualStudioVersion = 17.9.34728.123
MinimumVisualStudioVersion = 10.0.40219.1
Project("{9A19103F-16F7-4668-BE54-9A1E7A4F7556}") = "Backgammon.Client", "Backgammon.Client\Backgammon.Client.csproj", "{CAA52555-EF3E-474F-9F3D-E539719C67D4}"
EndProject
Project("{9A19103F-16F7-4668-BE54-9A1E7A4F7556}") = "Backgammon.UI", "Backgammon.UI\Backgammon.UI.csproj", "{D89B87E1-4E48-426C-895E-6ED66F68F6E9}"
EndProject
Project("{9A19103F-16F7-4668-BE54-9A1E7A4F7556}") = "Entities", "..\..\OOP\BackgammonLib\Entities\Entities.csproj", "{4E36583C-B965-42E7-BB88-1967770DC286}"
EndProject
Project("{9A19103F-16F7-4668-BE54-9A1E7A4F7556}") = "Server", "..\..\OOP\BackgammonLib\Server\Server.csproj", "{79BC0AED-2723-48ED-B8A6-6CC06DE7E89C}"
EndProject
Global
	GlobalSection(SolutionConfigurationPlatforms) = preSolution
		Debug|Any CPU = Debug|Any CPU
		Release|Any CPU = Release|Any CPU
	EndGlobalSection
	GlobalSection(ProjectConfigurationPlatforms) = postSolution
		{CAA52555-EF3E-474F-9F3D-E539719C67D4}.Debug|Any CPU.ActiveCfg = Debug|Any CPU
		{CAA52555-EF3E-474F-9F3D-E539719C67D4}.Debug|Any CPU.Build.0 = Debug|Any CPU
		{CAA52555-EF3E-474F-9F3D-E539719C67D4}.Release|Any CPU.ActiveCfg = Release|Any CPU
		{CAA52555-EF3E-474F-9F3D-E539719C67D4}.Release|Any CPU.Build.0 = Release|Any CPU
		{D89B87E1-4E48-426C-895E-6ED66F68F6E9}.Debug|Any CPU.ActiveCfg = Debug|Any CPU
		{D89B87E1-4E48-426C-895E-6ED66F68F6E9}.Debug|Any CPU.Build.0 = Debug|Any CPU
		{D89B87E1-4E48-426C-895E-6ED66F68F6E9}.Debug|Any CPU.Deploy.0 = Debug|Any CPU
		{D89B87E1-4E48-426C-895E-6ED66F68F6E9}.Release|Any CPU.ActiveCfg = Release|Any CPU
		{D89B87E1-4E48-426C-895E-6ED66F68F6E9}.Release|Any CPU.Build.0 = Release|Any CPU
		{D89B87E1-4E48-426C-895E-6ED66F68F6E9}.Release|Any CPU.Deploy.0 = Release|Any CPU
		{4E36583C-B965-42E7-BB88-1967770DC286}.Debug|Any CPU.ActiveCfg = Debug|Any CPU
		{4E36583C-B965-42E7-BB88-1967770DC286}.Debug|Any CPU.Build.0 = Debug|Any CPU
		{4E36583C-B965-42E7-BB88-1967770DC286}.Release|Any CPU.ActiveCfg = Release|Any CPU
		{4E36583C-B965-42E7-BB88-1967770DC286}.Release|Any CPU.Build.0 = Release|Any CPU
		{79BC0AED-2723-48ED-B8A6-6CC06DE7E89C}.Debug|Any CPU.ActiveCfg = Debug|Any CPU
		{79BC0AED-2723-48ED-B8A6-6CC06DE7E89C}.Debug|Any CPU.Build.0 = Debug|Any CPU
		{79BC0AED-2723-48ED-B8A6-6CC06DE7E89C}.Release|Any CPU.ActiveCfg = Release|Any CPU
		{79BC0AED-2723-48ED-B8A6-6CC06DE7E89C}.Release|Any CPU.Build.0 = Release|Any CPU
	EndGlobalSection
	GlobalSection(SolutionProperties) = preSolution
		HideSolutionNode = FALSE
	EndGlobalSection
	GlobalSection(ExtensibilityGlobals) = postSolution
		SolutionGuid = {F823A57B-0CD6-4A65-A2E3-D394638F5BDA}
	EndGlobalSection
EndGlobal
